
Microsoft Visual Studio Solution File, Format Version 12.00
# Visual Studio 15
VisualStudioVersion = 15.0.27130.2010
MinimumVisualStudioVersion = 10.0.40219.1
Project("{FAE04EC0-301F-11D3-BF4B-00C04F79EFBC}") = "BinaryPuzzle.UI", "BinaryPuzzle.UI\BinaryPuzzle.UI.csproj", "{AA28EDE2-2AD1-4AED-8BAE-5A0D785EC49E}"
EndProject
Project("{FAE04EC0-301F-11D3-BF4B-00C04F79EFBC}") = "BinaryPuzzle.Model", "BinaryPuzzle.Model\BinaryPuzzle.Model.csproj", "{BA6DB15C-D1EE-47A6-B083-AF2568C7C992}"
EndProject
Project("{FAE04EC0-301F-11D3-BF4B-00C04F79EFBC}") = "BinaryPuzzle.DataAccess", "BinaryPuzzle.DataAccess\BinaryPuzzle.DataAccess.csproj", "{B920BCD5-E6DD-41B8-8659-CFD2E2D544ED}"
EndProject
Global
	GlobalSection(SolutionConfigurationPlatforms) = preSolution
		Debug|Any CPU = Debug|Any CPU
		Release|Any CPU = Release|Any CPU
	EndGlobalSection
	GlobalSection(ProjectConfigurationPlatforms) = postSolution
		{AA28EDE2-2AD1-4AED-8BAE-5A0D785EC49E}.Debug|Any CPU.ActiveCfg = Debug|Any CPU
		{AA28EDE2-2AD1-4AED-8BAE-5A0D785EC49E}.Debug|Any CPU.Build.0 = Debug|Any CPU
		{AA28EDE2-2AD1-4AED-8BAE-5A0D785EC49E}.Release|Any CPU.ActiveCfg = Release|Any CPU
		{AA28EDE2-2AD1-4AED-8BAE-5A0D785EC49E}.Release|Any CPU.Build.0 = Release|Any CPU
		{BA6DB15C-D1EE-47A6-B083-AF2568C7C992}.Debug|Any CPU.ActiveCfg = Debug|Any CPU
		{BA6DB15C-D1EE-47A6-B083-AF2568C7C992}.Debug|Any CPU.Build.0 = Debug|Any CPU
		{BA6DB15C-D1EE-47A6-B083-AF2568C7C992}.Release|Any CPU.ActiveCfg = Release|Any CPU
		{BA6DB15C-D1EE-47A6-B083-AF2568C7C992}.Release|Any CPU.Build.0 = Release|Any CPU
		{B920BCD5-E6DD-41B8-8659-CFD2E2D544ED}.Debug|Any CPU.ActiveCfg = Debug|Any CPU
		{B920BCD5-E6DD-41B8-8659-CFD2E2D544ED}.Debug|Any CPU.Build.0 = Debug|Any CPU
		{B920BCD5-E6DD-41B8-8659-CFD2E2D544ED}.Release|Any CPU.ActiveCfg = Release|Any CPU
		{B920BCD5-E6DD-41B8-8659-CFD2E2D544ED}.Release|Any CPU.Build.0 = Release|Any CPU
	EndGlobalSection
	GlobalSection(SolutionProperties) = preSolution
		HideSolutionNode = FALSE
	EndGlobalSection
	GlobalSection(ExtensibilityGlobals) = postSolution
		SolutionGuid = {75BAF367-AC80-4D35-9C4A-3542D1AD53D9}
	EndGlobalSection
EndGlobal
